// !$*UTF8*$!
{
	archiveVersion = 1;
	classes = {
	};
	objectVersion = 46;
	objects = {

/* Begin PBXBuildFile section */
		301832AE1CAD22A100964F60 /* main.m in Sources */ = {isa = PBXBuildFile; fileRef = 301832AD1CAD22A100964F60 /* main.m */; };
		301832B11CAD22A100964F60 /* AppDelegate.m in Sources */ = {isa = PBXBuildFile; fileRef = 301832B01CAD22A100964F60 /* AppDelegate.m */; };
		301832B71CAD22A100964F60 /* Main.storyboard in Resources */ = {isa = PBXBuildFile; fileRef = 301832B51CAD22A100964F60 /* Main.storyboard */; };
		301832BA1CAD22A100964F60 /* Workspace_Management.xcdatamodeld in Sources */ = {isa = PBXBuildFile; fileRef = 301832B81CAD22A100964F60 /* Workspace_Management.xcdatamodeld */; };
		301832BC1CAD22A100964F60 /* Assets.xcassets in Resources */ = {isa = PBXBuildFile; fileRef = 301832BB1CAD22A100964F60 /* Assets.xcassets */; };
		301832BF1CAD22A100964F60 /* LaunchScreen.storyboard in Resources */ = {isa = PBXBuildFile; fileRef = 301832BD1CAD22A100964F60 /* LaunchScreen.storyboard */; };
		3076423B1CBBE51A00503B40 /* DINPro-CondBold.otf in Resources */ = {isa = PBXBuildFile; fileRef = 3076423A1CBBE32400503B40 /* DINPro-CondBold.otf */; };
		308094841CAD4C6400B81DF0 /* iCarousel.m in Sources */ = {isa = PBXBuildFile; fileRef = 308094831CAD4C6400B81DF0 /* iCarousel.m */; };
		7810F8D81CAE918C00B259D3 /* Mapwize.framework in Frameworks */ = {isa = PBXBuildFile; fileRef = 7810F8D71CAE918C00B259D3 /* Mapwize.framework */; };
		7810F8DA1CAE91A200B259D3 /* CoreLocation.framework in Frameworks */ = {isa = PBXBuildFile; fileRef = 7810F8D91CAE91A200B259D3 /* CoreLocation.framework */; };
		7810F8DC1CAE936900B259D3 /* CoreGraphics.framework in Frameworks */ = {isa = PBXBuildFile; fileRef = 7810F8DB1CAE936900B259D3 /* CoreGraphics.framework */; };
		7810F8DE1CAE937300B259D3 /* UIKit.framework in Frameworks */ = {isa = PBXBuildFile; fileRef = 7810F8DD1CAE937300B259D3 /* UIKit.framework */; };
		7810F8E01CAE938100B259D3 /* CoreFoundation.framework in Frameworks */ = {isa = PBXBuildFile; fileRef = 7810F8DF1CAE938100B259D3 /* CoreFoundation.framework */; };
		7810F8E21CAE938900B259D3 /* Foundation.framework in Frameworks */ = {isa = PBXBuildFile; fileRef = 7810F8E11CAE938800B259D3 /* Foundation.framework */; };
		7810F8E61CAEADB400B259D3 /* Room.m in Sources */ = {isa = PBXBuildFile; fileRef = 7810F8E51CAEADB400B259D3 /* Room.m */; };
		7810F8E91CAEAEA700B259D3 /* Sensor.m in Sources */ = {isa = PBXBuildFile; fileRef = 7810F8E81CAEAEA700B259D3 /* Sensor.m */; };
		7810F8EC1CAEAEB800B259D3 /* Reservation.m in Sources */ = {isa = PBXBuildFile; fileRef = 7810F8EB1CAEAEB800B259D3 /* Reservation.m */; };
		7810F9031CB3BDF500B259D3 /* rooms.json in Resources */ = {isa = PBXBuildFile; fileRef = 7810F9001CB3BDF500B259D3 /* rooms.json */; };
		7810F9041CB3BDF500B259D3 /* roomsensor.json in Resources */ = {isa = PBXBuildFile; fileRef = 7810F9011CB3BDF500B259D3 /* roomsensor.json */; };
		7810F9051CB3BDF500B259D3 /* sensors.json in Resources */ = {isa = PBXBuildFile; fileRef = 7810F9021CB3BDF500B259D3 /* sensors.json */; };
		7810F9141CB3C1DD00B259D3 /* CheckDAO.m in Sources */ = {isa = PBXBuildFile; fileRef = 7810F90D1CB3C1DD00B259D3 /* CheckDAO.m */; };
		7810F9151CB3C1DD00B259D3 /* DAO.m in Sources */ = {isa = PBXBuildFile; fileRef = 7810F90F1CB3C1DD00B259D3 /* DAO.m */; };
		7810F9161CB3C1DD00B259D3 /* ModelDAO.m in Sources */ = {isa = PBXBuildFile; fileRef = 7810F9111CB3C1DD00B259D3 /* ModelDAO.m */; };
		7810F9171CB3C1DD00B259D3 /* Utils.m in Sources */ = {isa = PBXBuildFile; fileRef = 7810F9131CB3C1DD00B259D3 /* Utils.m */; };
		7810F91D1CB3C2FE00B259D3 /* ScheduleTableViewCell.m in Sources */ = {isa = PBXBuildFile; fileRef = 7810F91B1CB3C2FE00B259D3 /* ScheduleTableViewCell.m */; };
		7810F9271CB3C42F00B259D3 /* DSIViewController.m in Sources */ = {isa = PBXBuildFile; fileRef = 7810F9201CB3C42F00B259D3 /* DSIViewController.m */; };
		7810F9281CB3C42F00B259D3 /* FilterViewController.m in Sources */ = {isa = PBXBuildFile; fileRef = 7810F9221CB3C42F00B259D3 /* FilterViewController.m */; };
		7810F92D1CB3C44900B259D3 /* MapViewController.m in Sources */ = {isa = PBXBuildFile; fileRef = 7810F92C1CB3C44900B259D3 /* MapViewController.m */; };
		7810F9301CB3C4FB00B259D3 /* PopupDetailViewController.m in Sources */ = {isa = PBXBuildFile; fileRef = 7810F92F1CB3C4FB00B259D3 /* PopupDetailViewController.m */; };
		7810F9321CB3D46800B259D3 /* CCMPopup.framework in Frameworks */ = {isa = PBXBuildFile; fileRef = 7810F9311CB3D46800B259D3 /* CCMPopup.framework */; };
		7887537A1CB5043E0077AA6A /* Manager.m in Sources */ = {isa = PBXBuildFile; fileRef = 788753791CB5043E0077AA6A /* Manager.m */; };
		7887537D1CB504610077AA6A /* WSDownloader.m in Sources */ = {isa = PBXBuildFile; fileRef = 7887537C1CB504610077AA6A /* WSDownloader.m */; };
		A8BB2B838BDBD2A955E9D1D6 /* Pods_WorkspaceManagement.framework in Frameworks */ = {isa = PBXBuildFile; fileRef = 73C7F5B83C8488D059645B4E /* Pods_WorkspaceManagement.framework */; };
/* End PBXBuildFile section */

/* Begin PBXFileReference section */
		301832A91CAD22A100964F60 /* WorkspaceManagement.app */ = {isa = PBXFileReference; explicitFileType = wrapper.application; includeInIndex = 0; path = WorkspaceManagement.app; sourceTree = BUILT_PRODUCTS_DIR; };
		301832AD1CAD22A100964F60 /* main.m */ = {isa = PBXFileReference; lastKnownFileType = sourcecode.c.objc; path = main.m; sourceTree = "<group>"; };
		301832AF1CAD22A100964F60 /* AppDelegate.h */ = {isa = PBXFileReference; lastKnownFileType = sourcecode.c.h; path = AppDelegate.h; sourceTree = "<group>"; };
		301832B01CAD22A100964F60 /* AppDelegate.m */ = {isa = PBXFileReference; lastKnownFileType = sourcecode.c.objc; path = AppDelegate.m; sourceTree = "<group>"; };
		301832B61CAD22A100964F60 /* Base */ = {isa = PBXFileReference; lastKnownFileType = file.storyboard; name = Base; path = Base.lproj/Main.storyboard; sourceTree = "<group>"; };
		301832B91CAD22A100964F60 /* Workspace_Management.xcdatamodel */ = {isa = PBXFileReference; lastKnownFileType = wrapper.xcdatamodel; path = Workspace_Management.xcdatamodel; sourceTree = "<group>"; };
		301832BB1CAD22A100964F60 /* Assets.xcassets */ = {isa = PBXFileReference; lastKnownFileType = folder.assetcatalog; path = Assets.xcassets; sourceTree = "<group>"; };
		301832BE1CAD22A100964F60 /* Base */ = {isa = PBXFileReference; lastKnownFileType = file.storyboard; name = Base; path = Base.lproj/LaunchScreen.storyboard; sourceTree = "<group>"; };
		301832C01CAD22A100964F60 /* Info.plist */ = {isa = PBXFileReference; lastKnownFileType = text.plist.xml; path = Info.plist; sourceTree = "<group>"; };
		3076423A1CBBE32400503B40 /* DINPro-CondBold.otf */ = {isa = PBXFileReference; lastKnownFileType = file; path = "DINPro-CondBold.otf"; sourceTree = "<group>"; };
		308094821CAD4C6400B81DF0 /* iCarousel.h */ = {isa = PBXFileReference; fileEncoding = 4; lastKnownFileType = sourcecode.c.h; path = iCarousel.h; sourceTree = "<group>"; };
		308094831CAD4C6400B81DF0 /* iCarousel.m */ = {isa = PBXFileReference; fileEncoding = 4; lastKnownFileType = sourcecode.c.objc; path = iCarousel.m; sourceTree = "<group>"; };
		600ADB83DDE49F4708A05E9C /* Pods-WorkspaceManagement.debug.xcconfig */ = {isa = PBXFileReference; includeInIndex = 1; lastKnownFileType = text.xcconfig; name = "Pods-WorkspaceManagement.debug.xcconfig"; path = "Pods/Target Support Files/Pods-WorkspaceManagement/Pods-WorkspaceManagement.debug.xcconfig"; sourceTree = "<group>"; };
		73C7F5B83C8488D059645B4E /* Pods_WorkspaceManagement.framework */ = {isa = PBXFileReference; explicitFileType = wrapper.framework; includeInIndex = 0; path = Pods_WorkspaceManagement.framework; sourceTree = BUILT_PRODUCTS_DIR; };
		7810F8D71CAE918C00B259D3 /* Mapwize.framework */ = {isa = PBXFileReference; lastKnownFileType = wrapper.framework; name = Mapwize.framework; path = "Pods/../build/Debug-iphoneos/Mapwize.framework"; sourceTree = "<group>"; };
		7810F8D91CAE91A200B259D3 /* CoreLocation.framework */ = {isa = PBXFileReference; lastKnownFileType = wrapper.framework; name = CoreLocation.framework; path = System/Library/Frameworks/CoreLocation.framework; sourceTree = SDKROOT; };
		7810F8DB1CAE936900B259D3 /* CoreGraphics.framework */ = {isa = PBXFileReference; lastKnownFileType = wrapper.framework; name = CoreGraphics.framework; path = System/Library/Frameworks/CoreGraphics.framework; sourceTree = SDKROOT; };
		7810F8DD1CAE937300B259D3 /* UIKit.framework */ = {isa = PBXFileReference; lastKnownFileType = wrapper.framework; name = UIKit.framework; path = System/Library/Frameworks/UIKit.framework; sourceTree = SDKROOT; };
		7810F8DF1CAE938100B259D3 /* CoreFoundation.framework */ = {isa = PBXFileReference; lastKnownFileType = wrapper.framework; name = CoreFoundation.framework; path = System/Library/Frameworks/CoreFoundation.framework; sourceTree = SDKROOT; };
		7810F8E11CAE938800B259D3 /* Foundation.framework */ = {isa = PBXFileReference; lastKnownFileType = wrapper.framework; name = Foundation.framework; path = System/Library/Frameworks/Foundation.framework; sourceTree = SDKROOT; };
		7810F8E41CAEADB400B259D3 /* Room.h */ = {isa = PBXFileReference; fileEncoding = 4; lastKnownFileType = sourcecode.c.h; path = Room.h; sourceTree = "<group>"; };
		7810F8E51CAEADB400B259D3 /* Room.m */ = {isa = PBXFileReference; fileEncoding = 4; lastKnownFileType = sourcecode.c.objc; path = Room.m; sourceTree = "<group>"; };
		7810F8E71CAEAEA700B259D3 /* Sensor.h */ = {isa = PBXFileReference; fileEncoding = 4; lastKnownFileType = sourcecode.c.h; path = Sensor.h; sourceTree = "<group>"; };
		7810F8E81CAEAEA700B259D3 /* Sensor.m */ = {isa = PBXFileReference; fileEncoding = 4; lastKnownFileType = sourcecode.c.objc; path = Sensor.m; sourceTree = "<group>"; };
		7810F8EA1CAEAEB800B259D3 /* Reservation.h */ = {isa = PBXFileReference; fileEncoding = 4; lastKnownFileType = sourcecode.c.h; path = Reservation.h; sourceTree = "<group>"; };
		7810F8EB1CAEAEB800B259D3 /* Reservation.m */ = {isa = PBXFileReference; fileEncoding = 4; lastKnownFileType = sourcecode.c.objc; path = Reservation.m; sourceTree = "<group>"; };
		7810F9001CB3BDF500B259D3 /* rooms.json */ = {isa = PBXFileReference; fileEncoding = 4; lastKnownFileType = text.json; path = rooms.json; sourceTree = "<group>"; };
		7810F9011CB3BDF500B259D3 /* roomsensor.json */ = {isa = PBXFileReference; fileEncoding = 4; lastKnownFileType = text.json; path = roomsensor.json; sourceTree = "<group>"; };
		7810F9021CB3BDF500B259D3 /* sensors.json */ = {isa = PBXFileReference; fileEncoding = 4; lastKnownFileType = text.json; path = sensors.json; sourceTree = "<group>"; };
		7810F90C1CB3C1DD00B259D3 /* CheckDAO.h */ = {isa = PBXFileReference; fileEncoding = 4; lastKnownFileType = sourcecode.c.h; name = CheckDAO.h; path = WorkspaceManagement/DAO/CheckDAO.h; sourceTree = "<group>"; };
		7810F90D1CB3C1DD00B259D3 /* CheckDAO.m */ = {isa = PBXFileReference; fileEncoding = 4; lastKnownFileType = sourcecode.c.objc; name = CheckDAO.m; path = WorkspaceManagement/DAO/CheckDAO.m; sourceTree = "<group>"; };
		7810F90E1CB3C1DD00B259D3 /* DAO.h */ = {isa = PBXFileReference; fileEncoding = 4; lastKnownFileType = sourcecode.c.h; name = DAO.h; path = WorkspaceManagement/DAO/DAO.h; sourceTree = "<group>"; };
		7810F90F1CB3C1DD00B259D3 /* DAO.m */ = {isa = PBXFileReference; fileEncoding = 4; lastKnownFileType = sourcecode.c.objc; name = DAO.m; path = WorkspaceManagement/DAO/DAO.m; sourceTree = "<group>"; };
		7810F9101CB3C1DD00B259D3 /* ModelDAO.h */ = {isa = PBXFileReference; fileEncoding = 4; lastKnownFileType = sourcecode.c.h; name = ModelDAO.h; path = WorkspaceManagement/DAO/ModelDAO.h; sourceTree = "<group>"; };
		7810F9111CB3C1DD00B259D3 /* ModelDAO.m */ = {isa = PBXFileReference; fileEncoding = 4; lastKnownFileType = sourcecode.c.objc; name = ModelDAO.m; path = WorkspaceManagement/DAO/ModelDAO.m; sourceTree = "<group>"; };
		7810F9121CB3C1DD00B259D3 /* Utils.h */ = {isa = PBXFileReference; fileEncoding = 4; lastKnownFileType = sourcecode.c.h; name = Utils.h; path = WorkspaceManagement/DAO/Utils.h; sourceTree = "<group>"; };
		7810F9131CB3C1DD00B259D3 /* Utils.m */ = {isa = PBXFileReference; fileEncoding = 4; lastKnownFileType = sourcecode.c.objc; name = Utils.m; path = WorkspaceManagement/DAO/Utils.m; sourceTree = "<group>"; };
		7810F91A1CB3C2FE00B259D3 /* ScheduleTableViewCell.h */ = {isa = PBXFileReference; fileEncoding = 4; lastKnownFileType = sourcecode.c.h; name = ScheduleTableViewCell.h; path = CustomViews/ScheduleTableViewCell.h; sourceTree = "<group>"; };
		7810F91B1CB3C2FE00B259D3 /* ScheduleTableViewCell.m */ = {isa = PBXFileReference; fileEncoding = 4; lastKnownFileType = sourcecode.c.objc; name = ScheduleTableViewCell.m; path = CustomViews/ScheduleTableViewCell.m; sourceTree = "<group>"; };
		7810F91F1CB3C42F00B259D3 /* DSIViewController.h */ = {isa = PBXFileReference; fileEncoding = 4; lastKnownFileType = sourcecode.c.h; path = DSIViewController.h; sourceTree = "<group>"; };
		7810F9201CB3C42F00B259D3 /* DSIViewController.m */ = {isa = PBXFileReference; fileEncoding = 4; lastKnownFileType = sourcecode.c.objc; path = DSIViewController.m; sourceTree = "<group>"; };
		7810F9211CB3C42F00B259D3 /* FilterViewController.h */ = {isa = PBXFileReference; fileEncoding = 4; lastKnownFileType = sourcecode.c.h; path = FilterViewController.h; sourceTree = "<group>"; };
		7810F9221CB3C42F00B259D3 /* FilterViewController.m */ = {isa = PBXFileReference; fileEncoding = 4; lastKnownFileType = sourcecode.c.objc; path = FilterViewController.m; sourceTree = "<group>"; };
		7810F92B1CB3C44900B259D3 /* MapViewController.h */ = {isa = PBXFileReference; fileEncoding = 4; lastKnownFileType = sourcecode.c.h; path = MapViewController.h; sourceTree = "<group>"; };
		7810F92C1CB3C44900B259D3 /* MapViewController.m */ = {isa = PBXFileReference; fileEncoding = 4; lastKnownFileType = sourcecode.c.objc; path = MapViewController.m; sourceTree = "<group>"; };
		7810F92E1CB3C4FB00B259D3 /* PopupDetailViewController.h */ = {isa = PBXFileReference; fileEncoding = 4; lastKnownFileType = sourcecode.c.h; path = PopupDetailViewController.h; sourceTree = "<group>"; };
		7810F92F1CB3C4FB00B259D3 /* PopupDetailViewController.m */ = {isa = PBXFileReference; fileEncoding = 4; lastKnownFileType = sourcecode.c.objc; path = PopupDetailViewController.m; sourceTree = "<group>"; };
		7810F9311CB3D46800B259D3 /* CCMPopup.framework */ = {isa = PBXFileReference; lastKnownFileType = wrapper.framework; name = CCMPopup.framework; path = "Pods/../build/Debug-iphoneos/CCMPopup.framework"; sourceTree = "<group>"; };
		788753781CB5043E0077AA6A /* Manager.h */ = {isa = PBXFileReference; fileEncoding = 4; lastKnownFileType = sourcecode.c.h; path = Manager.h; sourceTree = "<group>"; };
		788753791CB5043E0077AA6A /* Manager.m */ = {isa = PBXFileReference; fileEncoding = 4; lastKnownFileType = sourcecode.c.objc; path = Manager.m; sourceTree = "<group>"; };
		7887537B1CB504610077AA6A /* WSDownloader.h */ = {isa = PBXFileReference; fileEncoding = 4; lastKnownFileType = sourcecode.c.h; path = WSDownloader.h; sourceTree = "<group>"; };
		7887537C1CB504610077AA6A /* WSDownloader.m */ = {isa = PBXFileReference; fileEncoding = 4; lastKnownFileType = sourcecode.c.objc; path = WSDownloader.m; sourceTree = "<group>"; };
		992E6CEDB193423AE207F1E4 /* Pods-WorkspaceManagement.release.xcconfig */ = {isa = PBXFileReference; includeInIndex = 1; lastKnownFileType = text.xcconfig; name = "Pods-WorkspaceManagement.release.xcconfig"; path = "Pods/Target Support Files/Pods-WorkspaceManagement/Pods-WorkspaceManagement.release.xcconfig"; sourceTree = "<group>"; };
/* End PBXFileReference section */

/* Begin PBXFrameworksBuildPhase section */
		301832A61CAD22A100964F60 /* Frameworks */ = {
			isa = PBXFrameworksBuildPhase;
			buildActionMask = 2147483647;
			files = (
				7810F8E21CAE938900B259D3 /* Foundation.framework in Frameworks */,
				7810F8E01CAE938100B259D3 /* CoreFoundation.framework in Frameworks */,
				7810F8DE1CAE937300B259D3 /* UIKit.framework in Frameworks */,
				7810F8DC1CAE936900B259D3 /* CoreGraphics.framework in Frameworks */,
				7810F8DA1CAE91A200B259D3 /* CoreLocation.framework in Frameworks */,
				7810F8D81CAE918C00B259D3 /* Mapwize.framework in Frameworks */,
				7810F9321CB3D46800B259D3 /* CCMPopup.framework in Frameworks */,
				A8BB2B838BDBD2A955E9D1D6 /* Pods_WorkspaceManagement.framework in Frameworks */,
			);
			runOnlyForDeploymentPostprocessing = 0;
		};
/* End PBXFrameworksBuildPhase section */

/* Begin PBXGroup section */
		3008DAA31CB3B2EE00B7875F /* DAO */ = {
			isa = PBXGroup;
			children = (
				7810F90C1CB3C1DD00B259D3 /* CheckDAO.h */,
				7810F90D1CB3C1DD00B259D3 /* CheckDAO.m */,
				7810F90E1CB3C1DD00B259D3 /* DAO.h */,
				7810F90F1CB3C1DD00B259D3 /* DAO.m */,
				7810F9101CB3C1DD00B259D3 /* ModelDAO.h */,
				7810F9111CB3C1DD00B259D3 /* ModelDAO.m */,
				7810F9121CB3C1DD00B259D3 /* Utils.h */,
				7810F9131CB3C1DD00B259D3 /* Utils.m */,
			);
			name = DAO;
			path = ..;
			sourceTree = "<group>";
		};
		3008DAA41CB3B31300B7875F /* Custom Views */ = {
			isa = PBXGroup;
			children = (
				7810F91A1CB3C2FE00B259D3 /* ScheduleTableViewCell.h */,
				7810F91B1CB3C2FE00B259D3 /* ScheduleTableViewCell.m */,
			);
			name = "Custom Views";
			sourceTree = "<group>";
		};
		301832A01CAD22A100964F60 = {
			isa = PBXGroup;
			children = (
				301832AB1CAD22A100964F60 /* WorkspaceManagement */,
				301832AA1CAD22A100964F60 /* Products */,
				FE716178EF97C873771B00DD /* Pods */,
				EC82A11E1696FD062DE03708 /* Frameworks */,
			);
			sourceTree = "<group>";
		};
		301832AA1CAD22A100964F60 /* Products */ = {
			isa = PBXGroup;
			children = (
				301832A91CAD22A100964F60 /* WorkspaceManagement.app */,
			);
			name = Products;
			sourceTree = "<group>";
		};
		301832AB1CAD22A100964F60 /* WorkspaceManagement */ = {
			isa = PBXGroup;
			children = (
				3076423A1CBBE32400503B40 /* DINPro-CondBold.otf */,
				788753741CB4FF640077AA6A /* WebServices */,
				7810F91E1CB3C42F00B259D3 /* Controllers */,
				7810F8FF1CB3BD9900B259D3 /* LocalJson */,
				308094811CAD4C6400B81DF0 /* iCarousel */,
				3008DAA41CB3B31300B7875F /* Custom Views */,
				7810F8E31CAEAD4C00B259D3 /* Model */,
				3008DAA31CB3B2EE00B7875F /* DAO */,
				301832AF1CAD22A100964F60 /* AppDelegate.h */,
				301832B01CAD22A100964F60 /* AppDelegate.m */,
				301832B51CAD22A100964F60 /* Main.storyboard */,
				301832BB1CAD22A100964F60 /* Assets.xcassets */,
				301832BD1CAD22A100964F60 /* LaunchScreen.storyboard */,
				301832C01CAD22A100964F60 /* Info.plist */,
				301832B81CAD22A100964F60 /* Workspace_Management.xcdatamodeld */,
				301832AC1CAD22A100964F60 /* Supporting Files */,
			);
			path = WorkspaceManagement;
			sourceTree = "<group>";
		};
		301832AC1CAD22A100964F60 /* Supporting Files */ = {
			isa = PBXGroup;
			children = (
				301832AD1CAD22A100964F60 /* main.m */,
			);
			name = "Supporting Files";
			sourceTree = "<group>";
		};
		308094811CAD4C6400B81DF0 /* iCarousel */ = {
			isa = PBXGroup;
			children = (
				308094821CAD4C6400B81DF0 /* iCarousel.h */,
				308094831CAD4C6400B81DF0 /* iCarousel.m */,
			);
			path = iCarousel;
			sourceTree = "<group>";
		};
		7810F8E31CAEAD4C00B259D3 /* Model */ = {
			isa = PBXGroup;
			children = (
				7810F8E41CAEADB400B259D3 /* Room.h */,
				7810F8E51CAEADB400B259D3 /* Room.m */,
				7810F8E71CAEAEA700B259D3 /* Sensor.h */,
				7810F8E81CAEAEA700B259D3 /* Sensor.m */,
				7810F8EA1CAEAEB800B259D3 /* Reservation.h */,
				7810F8EB1CAEAEB800B259D3 /* Reservation.m */,
			);
			path = Model;
			sourceTree = "<group>";
		};
		7810F8FF1CB3BD9900B259D3 /* LocalJson */ = {
			isa = PBXGroup;
			children = (
				7810F9001CB3BDF500B259D3 /* rooms.json */,
				7810F9011CB3BDF500B259D3 /* roomsensor.json */,
				7810F9021CB3BDF500B259D3 /* sensors.json */,
			);
			path = LocalJson;
			sourceTree = "<group>";
		};
		7810F91E1CB3C42F00B259D3 /* Controllers */ = {
			isa = PBXGroup;
			children = (
				7810F91F1CB3C42F00B259D3 /* DSIViewController.h */,
				7810F9201CB3C42F00B259D3 /* DSIViewController.m */,
				7810F9211CB3C42F00B259D3 /* FilterViewController.h */,
				7810F9221CB3C42F00B259D3 /* FilterViewController.m */,
				7810F92B1CB3C44900B259D3 /* MapViewController.h */,
				7810F92C1CB3C44900B259D3 /* MapViewController.m */,
				7810F92E1CB3C4FB00B259D3 /* PopupDetailViewController.h */,
				7810F92F1CB3C4FB00B259D3 /* PopupDetailViewController.m */,
			);
			path = Controllers;
			sourceTree = "<group>";
		};
		788753741CB4FF640077AA6A /* WebServices */ = {
			isa = PBXGroup;
			children = (
				788753781CB5043E0077AA6A /* Manager.h */,
				788753791CB5043E0077AA6A /* Manager.m */,
				7887537B1CB504610077AA6A /* WSDownloader.h */,
				7887537C1CB504610077AA6A /* WSDownloader.m */,
			);
			path = WebServices;
			sourceTree = "<group>";
		};
		EC82A11E1696FD062DE03708 /* Frameworks */ = {
			isa = PBXGroup;
			children = (
				7810F9311CB3D46800B259D3 /* CCMPopup.framework */,
				7810F8E11CAE938800B259D3 /* Foundation.framework */,
				7810F8DF1CAE938100B259D3 /* CoreFoundation.framework */,
				7810F8DD1CAE937300B259D3 /* UIKit.framework */,
				7810F8DB1CAE936900B259D3 /* CoreGraphics.framework */,
				7810F8D91CAE91A200B259D3 /* CoreLocation.framework */,
				7810F8D71CAE918C00B259D3 /* Mapwize.framework */,
				73C7F5B83C8488D059645B4E /* Pods_WorkspaceManagement.framework */,
			);
			name = Frameworks;
			sourceTree = "<group>";
		};
		FE716178EF97C873771B00DD /* Pods */ = {
			isa = PBXGroup;
			children = (
				600ADB83DDE49F4708A05E9C /* Pods-WorkspaceManagement.debug.xcconfig */,
				992E6CEDB193423AE207F1E4 /* Pods-WorkspaceManagement.release.xcconfig */,
			);
			name = Pods;
			sourceTree = "<group>";
		};
/* End PBXGroup section */

/* Begin PBXNativeTarget section */
		301832A81CAD22A100964F60 /* WorkspaceManagement */ = {
			isa = PBXNativeTarget;
			buildConfigurationList = 301832C31CAD22A100964F60 /* Build configuration list for PBXNativeTarget "WorkspaceManagement" */;
			buildPhases = (
				377F2C006966C4CA9138F39F /* Check Pods Manifest.lock */,
				301832A51CAD22A100964F60 /* Sources */,
				301832A61CAD22A100964F60 /* Frameworks */,
				301832A71CAD22A100964F60 /* Resources */,
				D0411FD4B9EFA2DB4BF23860 /* Embed Pods Frameworks */,
				A3D9EC1B80A8C6FAA041894D /* Copy Pods Resources */,
			);
			buildRules = (
			);
			dependencies = (
			);
			name = WorkspaceManagement;
			productName = "Workspace Management";
			productReference = 301832A91CAD22A100964F60 /* WorkspaceManagement.app */;
			productType = "com.apple.product-type.application";
		};
/* End PBXNativeTarget section */

/* Begin PBXProject section */
		301832A11CAD22A100964F60 /* Project object */ = {
			isa = PBXProject;
			attributes = {
				LastUpgradeCheck = 0730;
				ORGANIZATIONNAME = docapost;
				TargetAttributes = {
					301832A81CAD22A100964F60 = {
						CreatedOnToolsVersion = 7.3;
					};
				};
			};
			buildConfigurationList = 301832A41CAD22A100964F60 /* Build configuration list for PBXProject "WorkspaceManagement" */;
			compatibilityVersion = "Xcode 3.2";
			developmentRegion = English;
			hasScannedForEncodings = 0;
			knownRegions = (
				en,
				Base,
			);
			mainGroup = 301832A01CAD22A100964F60;
			productRefGroup = 301832AA1CAD22A100964F60 /* Products */;
			projectDirPath = "";
			projectRoot = "";
			targets = (
				301832A81CAD22A100964F60 /* WorkspaceManagement */,
			);
		};
/* End PBXProject section */

/* Begin PBXResourcesBuildPhase section */
		301832A71CAD22A100964F60 /* Resources */ = {
			isa = PBXResourcesBuildPhase;
			buildActionMask = 2147483647;
			files = (
				3076423B1CBBE51A00503B40 /* DINPro-CondBold.otf in Resources */,
				301832BF1CAD22A100964F60 /* LaunchScreen.storyboard in Resources */,
				301832BC1CAD22A100964F60 /* Assets.xcassets in Resources */,
				7810F9031CB3BDF500B259D3 /* rooms.json in Resources */,
				7810F9051CB3BDF500B259D3 /* sensors.json in Resources */,
				301832B71CAD22A100964F60 /* Main.storyboard in Resources */,
				7810F9041CB3BDF500B259D3 /* roomsensor.json in Resources */,
			);
			runOnlyForDeploymentPostprocessing = 0;
		};
/* End PBXResourcesBuildPhase section */

/* Begin PBXShellScriptBuildPhase section */
		377F2C006966C4CA9138F39F /* Check Pods Manifest.lock */ = {
			isa = PBXShellScriptBuildPhase;
			buildActionMask = 2147483647;
			files = (
			);
			inputPaths = (
			);
			name = "Check Pods Manifest.lock";
			outputPaths = (
			);
			runOnlyForDeploymentPostprocessing = 0;
			shellPath = /bin/sh;
			shellScript = "diff \"${PODS_ROOT}/../Podfile.lock\" \"${PODS_ROOT}/Manifest.lock\" > /dev/null\nif [[ $? != 0 ]] ; then\n    cat << EOM\nerror: The sandbox is not in sync with the Podfile.lock. Run 'pod install' or update your CocoaPods installation.\nEOM\n    exit 1\nfi\n";
			showEnvVarsInLog = 0;
		};
		A3D9EC1B80A8C6FAA041894D /* Copy Pods Resources */ = {
			isa = PBXShellScriptBuildPhase;
			buildActionMask = 2147483647;
			files = (
			);
			inputPaths = (
			);
			name = "Copy Pods Resources";
			outputPaths = (
			);
			runOnlyForDeploymentPostprocessing = 0;
			shellPath = /bin/sh;
			shellScript = "\"${SRCROOT}/Pods/Target Support Files/Pods-WorkspaceManagement/Pods-WorkspaceManagement-resources.sh\"\n";
			showEnvVarsInLog = 0;
		};
		D0411FD4B9EFA2DB4BF23860 /* Embed Pods Frameworks */ = {
			isa = PBXShellScriptBuildPhase;
			buildActionMask = 2147483647;
			files = (
			);
			inputPaths = (
			);
			name = "Embed Pods Frameworks";
			outputPaths = (
			);
			runOnlyForDeploymentPostprocessing = 0;
			shellPath = /bin/sh;
			shellScript = "\"${SRCROOT}/Pods/Target Support Files/Pods-WorkspaceManagement/Pods-WorkspaceManagement-frameworks.sh\"\n";
			showEnvVarsInLog = 0;
		};
/* End PBXShellScriptBuildPhase section */

/* Begin PBXSourcesBuildPhase section */
		301832A51CAD22A100964F60 /* Sources */ = {
			isa = PBXSourcesBuildPhase;
			buildActionMask = 2147483647;
			files = (
				301832BA1CAD22A100964F60 /* Workspace_Management.xcdatamodeld in Sources */,
				7810F8E91CAEAEA700B259D3 /* Sensor.m in Sources */,
				7810F92D1CB3C44900B259D3 /* MapViewController.m in Sources */,
				7810F9271CB3C42F00B259D3 /* DSIViewController.m in Sources */,
				7810F9161CB3C1DD00B259D3 /* ModelDAO.m in Sources */,
				308094841CAD4C6400B81DF0 /* iCarousel.m in Sources */,
				7810F9301CB3C4FB00B259D3 /* PopupDetailViewController.m in Sources */,
				7887537D1CB504610077AA6A /* WSDownloader.m in Sources */,
				7810F8EC1CAEAEB800B259D3 /* Reservation.m in Sources */,
				7887537A1CB5043E0077AA6A /* Manager.m in Sources */,
				7810F9171CB3C1DD00B259D3 /* Utils.m in Sources */,
				7810F9281CB3C42F00B259D3 /* FilterViewController.m in Sources */,
				7810F9151CB3C1DD00B259D3 /* DAO.m in Sources */,
				7810F91D1CB3C2FE00B259D3 /* ScheduleTableViewCell.m in Sources */,
				301832B11CAD22A100964F60 /* AppDelegate.m in Sources */,
				7810F8E61CAEADB400B259D3 /* Room.m in Sources */,
				301832AE1CAD22A100964F60 /* main.m in Sources */,
				7810F9141CB3C1DD00B259D3 /* CheckDAO.m in Sources */,
			);
			runOnlyForDeploymentPostprocessing = 0;
		};
/* End PBXSourcesBuildPhase section */

/* Begin PBXVariantGroup section */
		301832B51CAD22A100964F60 /* Main.storyboard */ = {
			isa = PBXVariantGroup;
			children = (
				301832B61CAD22A100964F60 /* Base */,
			);
			name = Main.storyboard;
			sourceTree = "<group>";
		};
		301832BD1CAD22A100964F60 /* LaunchScreen.storyboard */ = {
			isa = PBXVariantGroup;
			children = (
				301832BE1CAD22A100964F60 /* Base */,
			);
			name = LaunchScreen.storyboard;
			sourceTree = "<group>";
		};
/* End PBXVariantGroup section */

/* Begin XCBuildConfiguration section */
		301832C11CAD22A100964F60 /* Debug */ = {
			isa = XCBuildConfiguration;
			buildSettings = {
				ALWAYS_SEARCH_USER_PATHS = NO;
				CLANG_ANALYZER_NONNULL = YES;
				CLANG_CXX_LANGUAGE_STANDARD = "gnu++0x";
				CLANG_CXX_LIBRARY = "libc++";
				CLANG_ENABLE_MODULES = YES;
				CLANG_ENABLE_OBJC_ARC = YES;
				CLANG_WARN_BOOL_CONVERSION = YES;
				CLANG_WARN_CONSTANT_CONVERSION = YES;
				CLANG_WARN_DIRECT_OBJC_ISA_USAGE = YES_ERROR;
				CLANG_WARN_EMPTY_BODY = YES;
				CLANG_WARN_ENUM_CONVERSION = YES;
				CLANG_WARN_INT_CONVERSION = YES;
				CLANG_WARN_OBJC_ROOT_CLASS = YES_ERROR;
				CLANG_WARN_UNREACHABLE_CODE = YES;
				CLANG_WARN__DUPLICATE_METHOD_MATCH = YES;
				"CODE_SIGN_IDENTITY[sdk=iphoneos*]" = "iPhone Developer";
				COPY_PHASE_STRIP = NO;
				DEBUG_INFORMATION_FORMAT = dwarf;
				ENABLE_STRICT_OBJC_MSGSEND = YES;
				ENABLE_TESTABILITY = YES;
				GCC_C_LANGUAGE_STANDARD = gnu99;
				GCC_DYNAMIC_NO_PIC = NO;
				GCC_NO_COMMON_BLOCKS = YES;
				GCC_OPTIMIZATION_LEVEL = 0;
				GCC_PREPROCESSOR_DEFINITIONS = (
					"DEBUG=1",
					"$(inherited)",
				);
				GCC_WARN_64_TO_32_BIT_CONVERSION = YES;
				GCC_WARN_ABOUT_RETURN_TYPE = YES_ERROR;
				GCC_WARN_UNDECLARED_SELECTOR = YES;
				GCC_WARN_UNINITIALIZED_AUTOS = YES_AGGRESSIVE;
				GCC_WARN_UNUSED_FUNCTION = YES;
				GCC_WARN_UNUSED_VARIABLE = YES;
				IPHONEOS_DEPLOYMENT_TARGET = 9.3;
				MTL_ENABLE_DEBUG_INFO = YES;
				ONLY_ACTIVE_ARCH = YES;
				SDKROOT = iphoneos;
			};
			name = Debug;
		};
		301832C21CAD22A100964F60 /* Release */ = {
			isa = XCBuildConfiguration;
			buildSettings = {
				ALWAYS_SEARCH_USER_PATHS = NO;
				CLANG_ANALYZER_NONNULL = YES;
				CLANG_CXX_LANGUAGE_STANDARD = "gnu++0x";
				CLANG_CXX_LIBRARY = "libc++";
				CLANG_ENABLE_MODULES = YES;
				CLANG_ENABLE_OBJC_ARC = YES;
				CLANG_WARN_BOOL_CONVERSION = YES;
				CLANG_WARN_CONSTANT_CONVERSION = YES;
				CLANG_WARN_DIRECT_OBJC_ISA_USAGE = YES_ERROR;
				CLANG_WARN_EMPTY_BODY = YES;
				CLANG_WARN_ENUM_CONVERSION = YES;
				CLANG_WARN_INT_CONVERSION = YES;
				CLANG_WARN_OBJC_ROOT_CLASS = YES_ERROR;
				CLANG_WARN_UNREACHABLE_CODE = YES;
				CLANG_WARN__DUPLICATE_METHOD_MATCH = YES;
				"CODE_SIGN_IDENTITY[sdk=iphoneos*]" = "iPhone Developer";
				COPY_PHASE_STRIP = NO;
				DEBUG_INFORMATION_FORMAT = "dwarf-with-dsym";
				ENABLE_NS_ASSERTIONS = NO;
				ENABLE_STRICT_OBJC_MSGSEND = YES;
				GCC_C_LANGUAGE_STANDARD = gnu99;
				GCC_NO_COMMON_BLOCKS = YES;
				GCC_WARN_64_TO_32_BIT_CONVERSION = YES;
				GCC_WARN_ABOUT_RETURN_TYPE = YES_ERROR;
				GCC_WARN_UNDECLARED_SELECTOR = YES;
				GCC_WARN_UNINITIALIZED_AUTOS = YES_AGGRESSIVE;
				GCC_WARN_UNUSED_FUNCTION = YES;
				GCC_WARN_UNUSED_VARIABLE = YES;
				IPHONEOS_DEPLOYMENT_TARGET = 9.3;
				MTL_ENABLE_DEBUG_INFO = NO;
				SDKROOT = iphoneos;
				VALIDATE_PRODUCT = YES;
			};
			name = Release;
		};
		301832C41CAD22A100964F60 /* Debug */ = {
			isa = XCBuildConfiguration;
			baseConfigurationReference = 600ADB83DDE49F4708A05E9C /* Pods-WorkspaceManagement.debug.xcconfig */;
			buildSettings = {
				ASSETCATALOG_COMPILER_APPICON_NAME = AppIcon;
				CODE_SIGN_IDENTITY = "iPhone Developer";
				FRAMEWORK_SEARCH_PATHS = "$(inherited)";
				INFOPLIST_FILE = WorkspaceManagement/Info.plist;
				IPHONEOS_DEPLOYMENT_TARGET = 8.1;
				LD_RUNPATH_SEARCH_PATHS = "$(inherited) @executable_path/Frameworks";
				PRODUCT_BUNDLE_IDENTIFIER = docapost.WorkspaceManagement;
				PRODUCT_NAME = WorkspaceManagement;
			};
			name = Debug;
		};
		301832C51CAD22A100964F60 /* Release */ = {
			isa = XCBuildConfiguration;
			baseConfigurationReference = 992E6CEDB193423AE207F1E4 /* Pods-WorkspaceManagement.release.xcconfig */;
			buildSettings = {
				ASSETCATALOG_COMPILER_APPICON_NAME = AppIcon;
				CODE_SIGN_IDENTITY = "iPhone Developer";
				FRAMEWORK_SEARCH_PATHS = (
					"$(inherited)",
					"$(PROJECT_DIR)/build/Debug-iphoneos",
				);
				INFOPLIST_FILE = WorkspaceManagement/Info.plist;
				IPHONEOS_DEPLOYMENT_TARGET = 8.1;
				LD_RUNPATH_SEARCH_PATHS = "$(inherited) @executable_path/Frameworks";
				ONLY_ACTIVE_ARCH = YES;
				PRODUCT_BUNDLE_IDENTIFIER = docapost.WorkspaceManagement;
				PRODUCT_NAME = WorkspaceManagement;
			};
			name = Release;
		};
/* End XCBuildConfiguration section */

/* Begin XCConfigurationList section */
		301832A41CAD22A100964F60 /* Build configuration list for PBXProject "WorkspaceManagement" */ = {
			isa = XCConfigurationList;
			buildConfigurations = (
				301832C11CAD22A100964F60 /* Debug */,
				301832C21CAD22A100964F60 /* Release */,
			);
			defaultConfigurationIsVisible = 0;
			defaultConfigurationName = Release;
		};
		301832C31CAD22A100964F60 /* Build configuration list for PBXNativeTarget "WorkspaceManagement" */ = {
			isa = XCConfigurationList;
			buildConfigurations = (
				301832C41CAD22A100964F60 /* Debug */,
				301832C51CAD22A100964F60 /* Release */,
			);
			defaultConfigurationIsVisible = 0;
			defaultConfigurationName = Release;
		};
/* End XCConfigurationList section */

/* Begin XCVersionGroup section */
		301832B81CAD22A100964F60 /* Workspace_Management.xcdatamodeld */ = {
			isa = XCVersionGroup;
			children = (
				301832B91CAD22A100964F60 /* Workspace_Management.xcdatamodel */,
			);
			currentVersion = 301832B91CAD22A100964F60 /* Workspace_Management.xcdatamodel */;
			path = Workspace_Management.xcdatamodeld;
			sourceTree = "<group>";
			versionGroupType = wrapper.xcdatamodel;
		};
/* End XCVersionGroup section */
	};
	rootObject = 301832A11CAD22A100964F60 /* Project object */;
}
